// !$*UTF8*$!
{
	archiveVersion = 1;
	classes = {
	};
	objectVersion = 55;
	objects = {

/* Begin PBXFileReference section */
		31285DC127B83DFD000EA139 /* ejer7pract5.c */ = {isa = PBXFileReference; lastKnownFileType = sourcecode.c.c; path = ejer7pract5.c; sourceTree = "<group>"; };
		31285DC427B84C24000EA139 /* ejer8pract5.c */ = {isa = PBXFileReference; lastKnownFileType = sourcecode.c.c; path = ejer8pract5.c; sourceTree = "<group>"; };
		31285DC627B86FAA000EA139 /* ejer15pract5.c */ = {isa = PBXFileReference; lastKnownFileType = sourcecode.c.c; path = ejer15pract5.c; sourceTree = "<group>"; };
		3186BEAE27F4782F00019AE3 /* lab1.c */ = {isa = PBXFileReference; lastKnownFileType = sourcecode.c.c; path = lab1.c; sourceTree = "<group>"; };
		3186BEB127F47BA400019AE3 /* patioBaldosas.c */ = {isa = PBXFileReference; lastKnownFileType = sourcecode.c.c; path = patioBaldosas.c; sourceTree = "<group>"; };
		3190B04A27B18DEF00969563 /* ejer4pract3.c */ = {isa = PBXFileReference; lastKnownFileType = sourcecode.c.c; path = ejer4pract3.c; sourceTree = "<group>"; };
		31A33D6E27B5EFC8000A0C03 /* ejer2pract4.c */ = {isa = PBXFileReference; lastKnownFileType = sourcecode.c.c; path = ejer2pract4.c; sourceTree = "<group>"; };
		31A33D7127B685B5000A0C03 /* ejer3pract4.c */ = {isa = PBXFileReference; lastKnownFileType = sourcecode.c.c; path = ejer3pract4.c; sourceTree = "<group>"; };
		31A33D7327B68CC3000A0C03 /* ejer4pract4.c */ = {isa = PBXFileReference; lastKnownFileType = sourcecode.c.c; path = ejer4pract4.c; sourceTree = "<group>"; };
		31A33D7527B69557000A0C03 /* ejer5pract4.c */ = {isa = PBXFileReference; lastKnownFileType = sourcecode.c.c; path = ejer5pract4.c; sourceTree = "<group>"; xcLanguageSpecificationIdentifier = xcode.lang.c; };
/* End PBXFileReference section */

/* Begin PBXGroup section */
		31285DC227B83E05000EA139 /* Practice5 */ = {
			isa = PBXGroup;
			children = (
				31285DC127B83DFD000EA139 /* ejer7pract5.c */,
				31285DC427B84C24000EA139 /* ejer8pract5.c */,
				31285DC627B86FAA000EA139 /* ejer15pract5.c */,
			);
			path = Practice5;
			sourceTree = "<group>";
		};
		3186BEAF27F47B8A00019AE3 /* Laboratories */ = {
			isa = PBXGroup;
			children = (
				3186BEAE27F4782F00019AE3 /* lab1.c */,
				3186BEB127F47BA400019AE3 /* patioBaldosas.c */,
			);
			path = Laboratories;
			sourceTree = "<group>";
		};
		318D95DF27B544C700402360 /* Practice3 */ = {
			isa = PBXGroup;
			children = (
				3190B04A27B18DEF00969563 /* ejer4pract3.c */,
			);
			path = Practice3;
			sourceTree = "<group>";
		};
		3190B04227B18D0900969563 = {
			isa = PBXGroup;
			children = (
				3186BEAF27F47B8A00019AE3 /* Laboratories */,
				31285DC227B83E05000EA139 /* Practice5 */,
				31A33D6F27B5EFCD000A0C03 /* Practice4 */,
				318D95DF27B544C700402360 /* Practice3 */,
			);
			sourceTree = "<group>";
		};
		31A33D6F27B5EFCD000A0C03 /* Practice4 */ = {
			isa = PBXGroup;
			children = (
				31A33D6E27B5EFC8000A0C03 /* ejer2pract4.c */,
				31A33D7127B685B5000A0C03 /* ejer3pract4.c */,
				31A33D7327B68CC3000A0C03 /* ejer4pract4.c */,
				31A33D7527B69557000A0C03 /* ejer5pract4.c */,
			);
			path = Practice4;
			sourceTree = "<group>";
		};
/* End PBXGroup section */

/* Begin PBXProject section */
		3190B04327B18D0900969563 /* Project object */ = {
			isa = PBXProject;
			attributes = {
				BuildIndependentTargetsInParallel = 1;
				LastUpgradeCheck = 1320;
			};
			buildConfigurationList = 3190B04627B18D0900969563 /* Build configuration list for PBXProject "C - practices" */;
			compatibilityVersion = "Xcode 13.0";
			developmentRegion = en;
			hasScannedForEncodings = 0;
			knownRegions = (
				en,
				Base,
			);
			mainGroup = 3190B04227B18D0900969563;
			projectDirPath = "";
			projectRoot = "";
			targets = (
			);
		};
/* End PBXProject section */

/* Begin XCBuildConfiguration section */
		3190B04727B18D0900969563 /* Debug */ = {
			isa = XCBuildConfiguration;
			buildSettings = {
			};
			name = Debug;
		};
		3190B04827B18D0900969563 /* Release */ = {
			isa = XCBuildConfiguration;
			buildSettings = {
			};
			name = Release;
		};
/* End XCBuildConfiguration section */

/* Begin XCConfigurationList section */
		3190B04627B18D0900969563 /* Build configuration list for PBXProject "C - practices" */ = {
			isa = XCConfigurationList;
			buildConfigurations = (
				3190B04727B18D0900969563 /* Debug */,
				3190B04827B18D0900969563 /* Release */,
			);
			defaultConfigurationIsVisible = 0;
			defaultConfigurationName = Release;
		};
/* End XCConfigurationList section */
	};
	rootObject = 3190B04327B18D0900969563 /* Project object */;
}
